// !$*UTF8*$!
{
	archiveVersion = 1;
	classes = {
	};
	objectVersion = 55;
	objects = {

/* Begin PBXBuildFile section */
		D31DC920283322F5008C21E3 /* NameRememberApp.swift in Sources */ = {isa = PBXBuildFile; fileRef = D31DC91F283322F5008C21E3 /* NameRememberApp.swift */; };
		D31DC922283322F5008C21E3 /* ContentView.swift in Sources */ = {isa = PBXBuildFile; fileRef = D31DC921283322F5008C21E3 /* ContentView.swift */; };
		D31DC924283322F6008C21E3 /* Assets.xcassets in Resources */ = {isa = PBXBuildFile; fileRef = D31DC923283322F6008C21E3 /* Assets.xcassets */; };
		D31DC927283322F6008C21E3 /* Preview Assets.xcassets in Resources */ = {isa = PBXBuildFile; fileRef = D31DC926283322F6008C21E3 /* Preview Assets.xcassets */; };
		D36A82D12838511800E441FC /* ImagePicker.swift in Sources */ = {isa = PBXBuildFile; fileRef = D36A82D02838511800E441FC /* ImagePicker.swift */; };
		D36A82D52838595C00E441FC /* Face.swift in Sources */ = {isa = PBXBuildFile; fileRef = D36A82D42838595C00E441FC /* Face.swift */; };
		D36A82D72838606100E441FC /* Filemanager+DocumentsDirectory.swift in Sources */ = {isa = PBXBuildFile; fileRef = D36A82D62838606100E441FC /* Filemanager+DocumentsDirectory.swift */; };
		D36A82D92838685300E441FC /* UserLocation.swift in Sources */ = {isa = PBXBuildFile; fileRef = D36A82D82838685300E441FC /* UserLocation.swift */; };
		D36A82DB28386B2100E441FC /* FaceView.swift in Sources */ = {isa = PBXBuildFile; fileRef = D36A82DA28386B2100E441FC /* FaceView.swift */; };
/* End PBXBuildFile section */

/* Begin PBXFileReference section */
		D31DC91C283322F5008C21E3 /* NameRemember.app */ = {isa = PBXFileReference; explicitFileType = wrapper.application; includeInIndex = 0; path = NameRemember.app; sourceTree = BUILT_PRODUCTS_DIR; };
		D31DC91F283322F5008C21E3 /* NameRememberApp.swift */ = {isa = PBXFileReference; lastKnownFileType = sourcecode.swift; path = NameRememberApp.swift; sourceTree = "<group>"; };
		D31DC921283322F5008C21E3 /* ContentView.swift */ = {isa = PBXFileReference; lastKnownFileType = sourcecode.swift; path = ContentView.swift; sourceTree = "<group>"; };
		D31DC923283322F6008C21E3 /* Assets.xcassets */ = {isa = PBXFileReference; lastKnownFileType = folder.assetcatalog; path = Assets.xcassets; sourceTree = "<group>"; };
		D31DC926283322F6008C21E3 /* Preview Assets.xcassets */ = {isa = PBXFileReference; lastKnownFileType = folder.assetcatalog; path = "Preview Assets.xcassets"; sourceTree = "<group>"; };
		D36A82D02838511800E441FC /* ImagePicker.swift */ = {isa = PBXFileReference; lastKnownFileType = sourcecode.swift; path = ImagePicker.swift; sourceTree = "<group>"; };
		D36A82D42838595C00E441FC /* Face.swift */ = {isa = PBXFileReference; lastKnownFileType = sourcecode.swift; path = Face.swift; sourceTree = "<group>"; };
		D36A82D62838606100E441FC /* Filemanager+DocumentsDirectory.swift */ = {isa = PBXFileReference; lastKnownFileType = sourcecode.swift; path = "Filemanager+DocumentsDirectory.swift"; sourceTree = "<group>"; };
		D36A82D82838685300E441FC /* UserLocation.swift */ = {isa = PBXFileReference; lastKnownFileType = sourcecode.swift; path = UserLocation.swift; sourceTree = "<group>"; };
		D36A82DA28386B2100E441FC /* FaceView.swift */ = {isa = PBXFileReference; lastKnownFileType = sourcecode.swift; path = FaceView.swift; sourceTree = "<group>"; };
/* End PBXFileReference section */

/* Begin PBXFrameworksBuildPhase section */
		D31DC919283322F5008C21E3 /* Frameworks */ = {
			isa = PBXFrameworksBuildPhase;
			buildActionMask = 2147483647;
			files = (
			);
			runOnlyForDeploymentPostprocessing = 0;
		};
/* End PBXFrameworksBuildPhase section */

/* Begin PBXGroup section */
		D31DC913283322F5008C21E3 = {
			isa = PBXGroup;
			children = (
				D31DC91E283322F5008C21E3 /* NameRemember */,
				D31DC91D283322F5008C21E3 /* Products */,
			);
			sourceTree = "<group>";
		};
		D31DC91D283322F5008C21E3 /* Products */ = {
			isa = PBXGroup;
			children = (
				D31DC91C283322F5008C21E3 /* NameRemember.app */,
			);
			name = Products;
			sourceTree = "<group>";
		};
		D31DC91E283322F5008C21E3 /* NameRemember */ = {
			isa = PBXGroup;
			children = (
				D31DC91F283322F5008C21E3 /* NameRememberApp.swift */,
				D31DC921283322F5008C21E3 /* ContentView.swift */,
				D36A82DA28386B2100E441FC /* FaceView.swift */,
				D36A82D42838595C00E441FC /* Face.swift */,
				D36A82D82838685300E441FC /* UserLocation.swift */,
				D36A82D62838606100E441FC /* Filemanager+DocumentsDirectory.swift */,
				D36A82D02838511800E441FC /* ImagePicker.swift */,
				D31DC923283322F6008C21E3 /* Assets.xcassets */,
				D31DC925283322F6008C21E3 /* Preview Content */,
			);
			path = NameRemember;
			sourceTree = "<group>";
		};
		D31DC925283322F6008C21E3 /* Preview Content */ = {
			isa = PBXGroup;
			children = (
				D31DC926283322F6008C21E3 /* Preview Assets.xcassets */,
			);
			path = "Preview Content";
			sourceTree = "<group>";
		};
/* End PBXGroup section */

/* Begin PBXNativeTarget section */
		D31DC91B283322F5008C21E3 /* NameRemember */ = {
			isa = PBXNativeTarget;
			buildConfigurationList = D31DC92A283322F6008C21E3 /* Build configuration list for PBXNativeTarget "NameRemember" */;
			buildPhases = (
				D31DC918283322F5008C21E3 /* Sources */,
				D31DC919283322F5008C21E3 /* Frameworks */,
				D31DC91A283322F5008C21E3 /* Resources */,
			);
			buildRules = (
			);
			dependencies = (
			);
			name = NameRemember;
			productName = NameRemember;
			productReference = D31DC91C283322F5008C21E3 /* NameRemember.app */;
			productType = "com.apple.product-type.application";
		};
/* End PBXNativeTarget section */

/* Begin PBXProject section */
		D31DC914283322F5008C21E3 /* Project object */ = {
			isa = PBXProject;
			attributes = {
				BuildIndependentTargetsInParallel = 1;
				LastSwiftUpdateCheck = 1330;
				LastUpgradeCheck = 1330;
				TargetAttributes = {
					D31DC91B283322F5008C21E3 = {
						CreatedOnToolsVersion = 13.3.1;
					};
				};
			};
			buildConfigurationList = D31DC917283322F5008C21E3 /* Build configuration list for PBXProject "NameRemember" */;
			compatibilityVersion = "Xcode 13.0";
			developmentRegion = en;
			hasScannedForEncodings = 0;
			knownRegions = (
				en,
				Base,
			);
			mainGroup = D31DC913283322F5008C21E3;
			productRefGroup = D31DC91D283322F5008C21E3 /* Products */;
			projectDirPath = "";
			projectRoot = "";
			targets = (
				D31DC91B283322F5008C21E3 /* NameRemember */,
			);
		};
/* End PBXProject section */

/* Begin PBXResourcesBuildPhase section */
		D31DC91A283322F5008C21E3 /* Resources */ = {
			isa = PBXResourcesBuildPhase;
			buildActionMask = 2147483647;
			files = (
				D31DC927283322F6008C21E3 /* Preview Assets.xcassets in Resources */,
				D31DC924283322F6008C21E3 /* Assets.xcassets in Resources */,
			);
			runOnlyForDeploymentPostprocessing = 0;
		};
/* End PBXResourcesBuildPhase section */

/* Begin PBXSourcesBuildPhase section */
		D31DC918283322F5008C21E3 /* Sources */ = {
			isa = PBXSourcesBuildPhase;
			buildActionMask = 2147483647;
			files = (
				D36A82D12838511800E441FC /* ImagePicker.swift in Sources */,
				D36A82D52838595C00E441FC /* Face.swift in Sources */,
				D36A82DB28386B2100E441FC /* FaceView.swift in Sources */,
				D36A82D72838606100E441FC /* Filemanager+DocumentsDirectory.swift in Sources */,
				D36A82D92838685300E441FC /* UserLocation.swift in Sources */,
				D31DC922283322F5008C21E3 /* ContentView.swift in Sources */,
				D31DC920283322F5008C21E3 /* NameRememberApp.swift in Sources */,
			);
			runOnlyForDeploymentPostprocessing = 0;
		};
/* End PBXSourcesBuildPhase section */

/* Begin XCBuildConfiguration section */
		D31DC928283322F6008C21E3 /* Debug */ = {
			isa = XCBuildConfiguration;
			buildSettings = {
				ALWAYS_SEARCH_USER_PATHS = NO;
				CLANG_ANALYZER_NONNULL = YES;
				CLANG_ANALYZER_NUMBER_OBJECT_CONVERSION = YES_AGGRESSIVE;
				CLANG_CXX_LANGUAGE_STANDARD = "gnu++17";
				CLANG_ENABLE_MODULES = YES;
				CLANG_ENABLE_OBJC_ARC = YES;
				CLANG_ENABLE_OBJC_WEAK = YES;
				CLANG_WARN_BLOCK_CAPTURE_AUTORELEASING = YES;
				CLANG_WARN_BOOL_CONVERSION = YES;
				CLANG_WARN_COMMA = YES;
				CLANG_WARN_CONSTANT_CONVERSION = YES;
				CLANG_WARN_DEPRECATED_OBJC_IMPLEMENTATIONS = YES;
				CLANG_WARN_DIRECT_OBJC_ISA_USAGE = YES_ERROR;
				CLANG_WARN_DOCUMENTATION_COMMENTS = YES;
				CLANG_WARN_EMPTY_BODY = YES;
				CLANG_WARN_ENUM_CONVERSION = YES;
				CLANG_WARN_INFINITE_RECURSION = YES;
				CLANG_WARN_INT_CONVERSION = YES;
				CLANG_WARN_NON_LITERAL_NULL_CONVERSION = YES;
				CLANG_WARN_OBJC_IMPLICIT_RETAIN_SELF = YES;
				CLANG_WARN_OBJC_LITERAL_CONVERSION = YES;
				CLANG_WARN_OBJC_ROOT_CLASS = YES_ERROR;
				CLANG_WARN_QUOTED_INCLUDE_IN_FRAMEWORK_HEADER = YES;
				CLANG_WARN_RANGE_LOOP_ANALYSIS = YES;
				CLANG_WARN_STRICT_PROTOTYPES = YES;
				CLANG_WARN_SUSPICIOUS_MOVE = YES;
				CLANG_WARN_UNGUARDED_AVAILABILITY = YES_AGGRESSIVE;
				CLANG_WARN_UNREACHABLE_CODE = YES;
				CLANG_WARN__DUPLICATE_METHOD_MATCH = YES;
				COPY_PHASE_STRIP = NO;
				DEBUG_INFORMATION_FORMAT = dwarf;
				ENABLE_STRICT_OBJC_MSGSEND = YES;
				ENABLE_TESTABILITY = YES;
				GCC_C_LANGUAGE_STANDARD = gnu11;
				GCC_DYNAMIC_NO_PIC = NO;
				GCC_NO_COMMON_BLOCKS = YES;
				GCC_OPTIMIZATION_LEVEL = 0;
				GCC_PREPROCESSOR_DEFINITIONS = (
					"DEBUG=1",
					"$(inherited)",
				);
				GCC_WARN_64_TO_32_BIT_CONVERSION = YES;
				GCC_WARN_ABOUT_RETURN_TYPE = YES_ERROR;
				GCC_WARN_UNDECLARED_SELECTOR = YES;
				GCC_WARN_UNINITIALIZED_AUTOS = YES_AGGRESSIVE;
				GCC_WARN_UNUSED_FUNCTION = YES;
				GCC_WARN_UNUSED_VARIABLE = YES;
				IPHONEOS_DEPLOYMENT_TARGET = 15.4;
				MTL_ENABLE_DEBUG_INFO = INCLUDE_SOURCE;
				MTL_FAST_MATH = YES;
				ONLY_ACTIVE_ARCH = YES;
				SDKROOT = iphoneos;
				SWIFT_ACTIVE_COMPILATION_CONDITIONS = DEBUG;
				SWIFT_OPTIMIZATION_LEVEL = "-Onone";
			};
			name = Debug;
		};
		D31DC929283322F6008C21E3 /* Release */ = {
			isa = XCBuildConfiguration;
			buildSettings = {
				ALWAYS_SEARCH_USER_PATHS = NO;
				CLANG_ANALYZER_NONNULL = YES;
				CLANG_ANALYZER_NUMBER_OBJECT_CONVERSION = YES_AGGRESSIVE;
				CLANG_CXX_LANGUAGE_STANDARD = "gnu++17";
				CLANG_ENABLE_MODULES = YES;
				CLANG_ENABLE_OBJC_ARC = YES;
				CLANG_ENABLE_OBJC_WEAK = YES;
				CLANG_WARN_BLOCK_CAPTURE_AUTORELEASING = YES;
				CLANG_WARN_BOOL_CONVERSION = YES;
				CLANG_WARN_COMMA = YES;
				CLANG_WARN_CONSTANT_CONVERSION = YES;
				CLANG_WARN_DEPRECATED_OBJC_IMPLEMENTATIONS = YES;
				CLANG_WARN_DIRECT_OBJC_ISA_USAGE = YES_ERROR;
				CLANG_WARN_DOCUMENTATION_COMMENTS = YES;
				CLANG_WARN_EMPTY_BODY = YES;
				CLANG_WARN_ENUM_CONVERSION = YES;
				CLANG_WARN_INFINITE_RECURSION = YES;
				CLANG_WARN_INT_CONVERSION = YES;
				CLANG_WARN_NON_LITERAL_NULL_CONVERSION = YES;
				CLANG_WARN_OBJC_IMPLICIT_RETAIN_SELF = YES;
				CLANG_WARN_OBJC_LITERAL_CONVERSION = YES;
				CLANG_WARN_OBJC_ROOT_CLASS = YES_ERROR;
				CLANG_WARN_QUOTED_INCLUDE_IN_FRAMEWORK_HEADER = YES;
				CLANG_WARN_RANGE_LOOP_ANALYSIS = YES;
				CLANG_WARN_STRICT_PROTOTYPES = YES;
				CLANG_WARN_SUSPICIOUS_MOVE = YES;
				CLANG_WARN_UNGUARDED_AVAILABILITY = YES_AGGRESSIVE;
				CLANG_WARN_UNREACHABLE_CODE = YES;
				CLANG_WARN__DUPLICATE_METHOD_MATCH = YES;
				COPY_PHASE_STRIP = NO;
				DEBUG_INFORMATION_FORMAT = "dwarf-with-dsym";
				ENABLE_NS_ASSERTIONS = NO;
				ENABLE_STRICT_OBJC_MSGSEND = YES;
				GCC_C_LANGUAGE_STANDARD = gnu11;
				GCC_NO_COMMON_BLOCKS = YES;
				GCC_WARN_64_TO_32_BIT_CONVERSION = YES;
				GCC_WARN_ABOUT_RETURN_TYPE = YES_ERROR;
				GCC_WARN_UNDECLARED_SELECTOR = YES;
				GCC_WARN_UNINITIALIZED_AUTOS = YES_AGGRESSIVE;
				GCC_WARN_UNUSED_FUNCTION = YES;
				GCC_WARN_UNUSED_VARIABLE = YES;
				IPHONEOS_DEPLOYMENT_TARGET = 15.4;
				MTL_ENABLE_DEBUG_INFO = NO;
				MTL_FAST_MATH = YES;
				SDKROOT = iphoneos;
				SWIFT_COMPILATION_MODE = wholemodule;
				SWIFT_OPTIMIZATION_LEVEL = "-O";
				VALIDATE_PRODUCT = YES;
			};
			name = Release;
		};
		D31DC92B283322F6008C21E3 /* Debug */ = {
			isa = XCBuildConfiguration;
			buildSettings = {
				ASSETCATALOG_COMPILER_APPICON_NAME = AppIcon;
				ASSETCATALOG_COMPILER_GLOBAL_ACCENT_COLOR_NAME = AccentColor;
				CODE_SIGN_STYLE = Automatic;
				CURRENT_PROJECT_VERSION = 1;
				DEVELOPMENT_ASSET_PATHS = "\"NameRemember/Preview Content\"";
				DEVELOPMENT_TEAM = 8BW8AB7SF7;
				ENABLE_PREVIEWS = YES;
				GENERATE_INFOPLIST_FILE = YES;
				INFOPLIST_KEY_NSLocationWhenInUseUsageDescription = "To store where you met a person";
				INFOPLIST_KEY_NSPhotoLibraryUsageDescription = "Need to add people ";
				INFOPLIST_KEY_UIApplicationSceneManifest_Generation = YES;
				INFOPLIST_KEY_UIApplicationSupportsIndirectInputEvents = YES;
				INFOPLIST_KEY_UILaunchScreen_Generation = YES;
				INFOPLIST_KEY_UISupportedInterfaceOrientations_iPad = "UIInterfaceOrientationPortrait UIInterfaceOrientationPortraitUpsideDown UIInterfaceOrientationLandscapeLeft UIInterfaceOrientationLandscapeRight";
				INFOPLIST_KEY_UISupportedInterfaceOrientations_iPhone = "UIInterfaceOrientationPortrait UIInterfaceOrientationLandscapeLeft UIInterfaceOrientationLandscapeRight";
				LD_RUNPATH_SEARCH_PATHS = (
					"$(inherited)",
					"@executable_path/Frameworks",
				);
				MARKETING_VERSION = 1.0;
				PRODUCT_BUNDLE_IDENTIFIER = com.brianfoshee.NameRemember;
				PRODUCT_NAME = "$(TARGET_NAME)";
				SWIFT_EMIT_LOC_STRINGS = YES;
				SWIFT_VERSION = 5.0;
				TARGETED_DEVICE_FAMILY = "1,2";
			};
			name = Debug;
		};
		D31DC92C283322F6008C21E3 /* Release */ = {
			isa = XCBuildConfiguration;
			buildSettings = {
				ASSETCATALOG_COMPILER_APPICON_NAME = AppIcon;
				ASSETCATALOG_COMPILER_GLOBAL_ACCENT_COLOR_NAME = AccentColor;
				CODE_SIGN_STYLE = Automatic;
				CURRENT_PROJECT_VERSION = 1;
				DEVELOPMENT_ASSET_PATHS = "\"NameRemember/Preview Content\"";
				DEVELOPMENT_TEAM = 8BW8AB7SF7;
				ENABLE_PREVIEWS = YES;
				GENERATE_INFOPLIST_FILE = YES;
				INFOPLIST_KEY_NSLocationWhenInUseUsageDescription = "To store where you met a person";
				INFOPLIST_KEY_NSPhotoLibraryUsageDescription = "Need to add people ";
				INFOPLIST_KEY_UIApplicationSceneManifest_Generation = YES;
				INFOPLIST_KEY_UIApplicationSupportsIndirectInputEvents = YES;
				INFOPLIST_KEY_UILaunchScreen_Generation = YES;
				INFOPLIST_KEY_UISupportedInterfaceOrientations_iPad = "UIInterfaceOrientationPortrait UIInterfaceOrientationPortraitUpsideDown UIInterfaceOrientationLandscapeLeft UIInterfaceOrientationLandscapeRight";
				INFOPLIST_KEY_UISupportedInterfaceOrientations_iPhone = "UIInterfaceOrientationPortrait UIInterfaceOrientationLandscapeLeft UIInterfaceOrientationLandscapeRight";
				LD_RUNPATH_SEARCH_PATHS = (
					"$(inherited)",
					"@executable_path/Frameworks",
				);
				MARKETING_VERSION = 1.0;
				PRODUCT_BUNDLE_IDENTIFIER = com.brianfoshee.NameRemember;
				PRODUCT_NAME = "$(TARGET_NAME)";
				SWIFT_EMIT_LOC_STRINGS = YES;
				SWIFT_VERSION = 5.0;
				TARGETED_DEVICE_FAMILY = "1,2";
			};
			name = Release;
		};
/* End XCBuildConfiguration section */

/* Begin XCConfigurationList section */
		D31DC917283322F5008C21E3 /* Build configuration list for PBXProject "NameRemember" */ = {
			isa = XCConfigurationList;
			buildConfigurations = (
				D31DC928283322F6008C21E3 /* Debug */,
				D31DC929283322F6008C21E3 /* Release */,
			);
			defaultConfigurationIsVisible = 0;
			defaultConfigurationName = Release;
		};
		D31DC92A283322F6008C21E3 /* Build configuration list for PBXNativeTarget "NameRemember" */ = {
			isa = XCConfigurationList;
			buildConfigurations = (
				D31DC92B283322F6008C21E3 /* Debug */,
				D31DC92C283322F6008C21E3 /* Release */,
			);
			defaultConfigurationIsVisible = 0;
			defaultConfigurationName = Release;
		};
/* End XCConfigurationList section */
	};
	rootObject = D31DC914283322F5008C21E3 /* Project object */;
}
