// !$*UTF8*$!
{
	archiveVersion = 1;
	classes = {
	};
	objectVersion = 50;
	objects = {

/* Begin PBXBuildFile section */
		D3393D27257F26A1007EE535 /* Day16App.swift in Sources */ = {isa = PBXBuildFile; fileRef = D3393D26257F26A1007EE535 /* Day16App.swift */; };
		D3393D29257F26A1007EE535 /* ContentView.swift in Sources */ = {isa = PBXBuildFile; fileRef = D3393D28257F26A1007EE535 /* ContentView.swift */; };
		D3393D2B257F26A2007EE535 /* Assets.xcassets in Resources */ = {isa = PBXBuildFile; fileRef = D3393D2A257F26A2007EE535 /* Assets.xcassets */; };
		D3393D2E257F26A2007EE535 /* Preview Assets.xcassets in Resources */ = {isa = PBXBuildFile; fileRef = D3393D2D257F26A2007EE535 /* Preview Assets.xcassets */; };
		D3393D39257F26A3007EE535 /* Day16Tests.swift in Sources */ = {isa = PBXBuildFile; fileRef = D3393D38257F26A3007EE535 /* Day16Tests.swift */; };
		D3393D44257F26A3007EE535 /* Day16UITests.swift in Sources */ = {isa = PBXBuildFile; fileRef = D3393D43257F26A3007EE535 /* Day16UITests.swift */; };
/* End PBXBuildFile section */

/* Begin PBXContainerItemProxy section */
		D3393D35257F26A3007EE535 /* PBXContainerItemProxy */ = {
			isa = PBXContainerItemProxy;
			containerPortal = D3393D1B257F26A1007EE535 /* Project object */;
			proxyType = 1;
			remoteGlobalIDString = D3393D22257F26A1007EE535;
			remoteInfo = Day16;
		};
		D3393D40257F26A3007EE535 /* PBXContainerItemProxy */ = {
			isa = PBXContainerItemProxy;
			containerPortal = D3393D1B257F26A1007EE535 /* Project object */;
			proxyType = 1;
			remoteGlobalIDString = D3393D22257F26A1007EE535;
			remoteInfo = Day16;
		};
/* End PBXContainerItemProxy section */

/* Begin PBXFileReference section */
		D3393D23257F26A1007EE535 /* Day16.app */ = {isa = PBXFileReference; explicitFileType = wrapper.application; includeInIndex = 0; path = Day16.app; sourceTree = BUILT_PRODUCTS_DIR; };
		D3393D26257F26A1007EE535 /* Day16App.swift */ = {isa = PBXFileReference; lastKnownFileType = sourcecode.swift; path = Day16App.swift; sourceTree = "<group>"; };
		D3393D28257F26A1007EE535 /* ContentView.swift */ = {isa = PBXFileReference; lastKnownFileType = sourcecode.swift; path = ContentView.swift; sourceTree = "<group>"; };
		D3393D2A257F26A2007EE535 /* Assets.xcassets */ = {isa = PBXFileReference; lastKnownFileType = folder.assetcatalog; path = Assets.xcassets; sourceTree = "<group>"; };
		D3393D2D257F26A2007EE535 /* Preview Assets.xcassets */ = {isa = PBXFileReference; lastKnownFileType = folder.assetcatalog; path = "Preview Assets.xcassets"; sourceTree = "<group>"; };
		D3393D2F257F26A2007EE535 /* Info.plist */ = {isa = PBXFileReference; lastKnownFileType = text.plist.xml; path = Info.plist; sourceTree = "<group>"; };
		D3393D34257F26A3007EE535 /* Day16Tests.xctest */ = {isa = PBXFileReference; explicitFileType = wrapper.cfbundle; includeInIndex = 0; path = Day16Tests.xctest; sourceTree = BUILT_PRODUCTS_DIR; };
		D3393D38257F26A3007EE535 /* Day16Tests.swift */ = {isa = PBXFileReference; lastKnownFileType = sourcecode.swift; path = Day16Tests.swift; sourceTree = "<group>"; };
		D3393D3A257F26A3007EE535 /* Info.plist */ = {isa = PBXFileReference; lastKnownFileType = text.plist.xml; path = Info.plist; sourceTree = "<group>"; };
		D3393D3F257F26A3007EE535 /* Day16UITests.xctest */ = {isa = PBXFileReference; explicitFileType = wrapper.cfbundle; includeInIndex = 0; path = Day16UITests.xctest; sourceTree = BUILT_PRODUCTS_DIR; };
		D3393D43257F26A3007EE535 /* Day16UITests.swift */ = {isa = PBXFileReference; lastKnownFileType = sourcecode.swift; path = Day16UITests.swift; sourceTree = "<group>"; };
		D3393D45257F26A3007EE535 /* Info.plist */ = {isa = PBXFileReference; lastKnownFileType = text.plist.xml; path = Info.plist; sourceTree = "<group>"; };
/* End PBXFileReference section */

/* Begin PBXFrameworksBuildPhase section */
		D3393D20257F26A1007EE535 /* Frameworks */ = {
			isa = PBXFrameworksBuildPhase;
			buildActionMask = 2147483647;
			files = (
			);
			runOnlyForDeploymentPostprocessing = 0;
		};
		D3393D31257F26A3007EE535 /* Frameworks */ = {
			isa = PBXFrameworksBuildPhase;
			buildActionMask = 2147483647;
			files = (
			);
			runOnlyForDeploymentPostprocessing = 0;
		};
		D3393D3C257F26A3007EE535 /* Frameworks */ = {
			isa = PBXFrameworksBuildPhase;
			buildActionMask = 2147483647;
			files = (
			);
			runOnlyForDeploymentPostprocessing = 0;
		};
/* End PBXFrameworksBuildPhase section */

/* Begin PBXGroup section */
		D3393D1A257F26A1007EE535 = {
			isa = PBXGroup;
			children = (
				D3393D25257F26A1007EE535 /* Day16 */,
				D3393D37257F26A3007EE535 /* Day16Tests */,
				D3393D42257F26A3007EE535 /* Day16UITests */,
				D3393D24257F26A1007EE535 /* Products */,
			);
			sourceTree = "<group>";
		};
		D3393D24257F26A1007EE535 /* Products */ = {
			isa = PBXGroup;
			children = (
				D3393D23257F26A1007EE535 /* Day16.app */,
				D3393D34257F26A3007EE535 /* Day16Tests.xctest */,
				D3393D3F257F26A3007EE535 /* Day16UITests.xctest */,
			);
			name = Products;
			sourceTree = "<group>";
		};
		D3393D25257F26A1007EE535 /* Day16 */ = {
			isa = PBXGroup;
			children = (
				D3393D26257F26A1007EE535 /* Day16App.swift */,
				D3393D28257F26A1007EE535 /* ContentView.swift */,
				D3393D2A257F26A2007EE535 /* Assets.xcassets */,
				D3393D2F257F26A2007EE535 /* Info.plist */,
				D3393D2C257F26A2007EE535 /* Preview Content */,
			);
			path = Day16;
			sourceTree = "<group>";
		};
		D3393D2C257F26A2007EE535 /* Preview Content */ = {
			isa = PBXGroup;
			children = (
				D3393D2D257F26A2007EE535 /* Preview Assets.xcassets */,
			);
			path = "Preview Content";
			sourceTree = "<group>";
		};
		D3393D37257F26A3007EE535 /* Day16Tests */ = {
			isa = PBXGroup;
			children = (
				D3393D38257F26A3007EE535 /* Day16Tests.swift */,
				D3393D3A257F26A3007EE535 /* Info.plist */,
			);
			path = Day16Tests;
			sourceTree = "<group>";
		};
		D3393D42257F26A3007EE535 /* Day16UITests */ = {
			isa = PBXGroup;
			children = (
				D3393D43257F26A3007EE535 /* Day16UITests.swift */,
				D3393D45257F26A3007EE535 /* Info.plist */,
			);
			path = Day16UITests;
			sourceTree = "<group>";
		};
/* End PBXGroup section */

/* Begin PBXNativeTarget section */
		D3393D22257F26A1007EE535 /* Day16 */ = {
			isa = PBXNativeTarget;
			buildConfigurationList = D3393D48257F26A3007EE535 /* Build configuration list for PBXNativeTarget "Day16" */;
			buildPhases = (
				D3393D1F257F26A1007EE535 /* Sources */,
				D3393D20257F26A1007EE535 /* Frameworks */,
				D3393D21257F26A1007EE535 /* Resources */,
			);
			buildRules = (
			);
			dependencies = (
			);
			name = Day16;
			productName = Day16;
			productReference = D3393D23257F26A1007EE535 /* Day16.app */;
			productType = "com.apple.product-type.application";
		};
		D3393D33257F26A3007EE535 /* Day16Tests */ = {
			isa = PBXNativeTarget;
			buildConfigurationList = D3393D4B257F26A3007EE535 /* Build configuration list for PBXNativeTarget "Day16Tests" */;
			buildPhases = (
				D3393D30257F26A3007EE535 /* Sources */,
				D3393D31257F26A3007EE535 /* Frameworks */,
				D3393D32257F26A3007EE535 /* Resources */,
			);
			buildRules = (
			);
			dependencies = (
				D3393D36257F26A3007EE535 /* PBXTargetDependency */,
			);
			name = Day16Tests;
			productName = Day16Tests;
			productReference = D3393D34257F26A3007EE535 /* Day16Tests.xctest */;
			productType = "com.apple.product-type.bundle.unit-test";
		};
		D3393D3E257F26A3007EE535 /* Day16UITests */ = {
			isa = PBXNativeTarget;
			buildConfigurationList = D3393D4E257F26A3007EE535 /* Build configuration list for PBXNativeTarget "Day16UITests" */;
			buildPhases = (
				D3393D3B257F26A3007EE535 /* Sources */,
				D3393D3C257F26A3007EE535 /* Frameworks */,
				D3393D3D257F26A3007EE535 /* Resources */,
			);
			buildRules = (
			);
			dependencies = (
				D3393D41257F26A3007EE535 /* PBXTargetDependency */,
			);
			name = Day16UITests;
			productName = Day16UITests;
			productReference = D3393D3F257F26A3007EE535 /* Day16UITests.xctest */;
			productType = "com.apple.product-type.bundle.ui-testing";
		};
/* End PBXNativeTarget section */

/* Begin PBXProject section */
		D3393D1B257F26A1007EE535 /* Project object */ = {
			isa = PBXProject;
			attributes = {
				LastSwiftUpdateCheck = 1220;
				LastUpgradeCheck = 1220;
				TargetAttributes = {
					D3393D22257F26A1007EE535 = {
						CreatedOnToolsVersion = 12.2;
					};
					D3393D33257F26A3007EE535 = {
						CreatedOnToolsVersion = 12.2;
						TestTargetID = D3393D22257F26A1007EE535;
					};
					D3393D3E257F26A3007EE535 = {
						CreatedOnToolsVersion = 12.2;
						TestTargetID = D3393D22257F26A1007EE535;
					};
				};
			};
			buildConfigurationList = D3393D1E257F26A1007EE535 /* Build configuration list for PBXProject "Day16" */;
			compatibilityVersion = "Xcode 9.3";
			developmentRegion = en;
			hasScannedForEncodings = 0;
			knownRegions = (
				en,
				Base,
			);
			mainGroup = D3393D1A257F26A1007EE535;
			productRefGroup = D3393D24257F26A1007EE535 /* Products */;
			projectDirPath = "";
			projectRoot = "";
			targets = (
				D3393D22257F26A1007EE535 /* Day16 */,
				D3393D33257F26A3007EE535 /* Day16Tests */,
				D3393D3E257F26A3007EE535 /* Day16UITests */,
			);
		};
/* End PBXProject section */

/* Begin PBXResourcesBuildPhase section */
		D3393D21257F26A1007EE535 /* Resources */ = {
			isa = PBXResourcesBuildPhase;
			buildActionMask = 2147483647;
			files = (
				D3393D2E257F26A2007EE535 /* Preview Assets.xcassets in Resources */,
				D3393D2B257F26A2007EE535 /* Assets.xcassets in Resources */,
			);
			runOnlyForDeploymentPostprocessing = 0;
		};
		D3393D32257F26A3007EE535 /* Resources */ = {
			isa = PBXResourcesBuildPhase;
			buildActionMask = 2147483647;
			files = (
			);
			runOnlyForDeploymentPostprocessing = 0;
		};
		D3393D3D257F26A3007EE535 /* Resources */ = {
			isa = PBXResourcesBuildPhase;
			buildActionMask = 2147483647;
			files = (
			);
			runOnlyForDeploymentPostprocessing = 0;
		};
/* End PBXResourcesBuildPhase section */

/* Begin PBXSourcesBuildPhase section */
		D3393D1F257F26A1007EE535 /* Sources */ = {
			isa = PBXSourcesBuildPhase;
			buildActionMask = 2147483647;
			files = (
				D3393D29257F26A1007EE535 /* ContentView.swift in Sources */,
				D3393D27257F26A1007EE535 /* Day16App.swift in Sources */,
			);
			runOnlyForDeploymentPostprocessing = 0;
		};
		D3393D30257F26A3007EE535 /* Sources */ = {
			isa = PBXSourcesBuildPhase;
			buildActionMask = 2147483647;
			files = (
				D3393D39257F26A3007EE535 /* Day16Tests.swift in Sources */,
			);
			runOnlyForDeploymentPostprocessing = 0;
		};
		D3393D3B257F26A3007EE535 /* Sources */ = {
			isa = PBXSourcesBuildPhase;
			buildActionMask = 2147483647;
			files = (
				D3393D44257F26A3007EE535 /* Day16UITests.swift in Sources */,
			);
			runOnlyForDeploymentPostprocessing = 0;
		};
/* End PBXSourcesBuildPhase section */

/* Begin PBXTargetDependency section */
		D3393D36257F26A3007EE535 /* PBXTargetDependency */ = {
			isa = PBXTargetDependency;
			target = D3393D22257F26A1007EE535 /* Day16 */;
			targetProxy = D3393D35257F26A3007EE535 /* PBXContainerItemProxy */;
		};
		D3393D41257F26A3007EE535 /* PBXTargetDependency */ = {
			isa = PBXTargetDependency;
			target = D3393D22257F26A1007EE535 /* Day16 */;
			targetProxy = D3393D40257F26A3007EE535 /* PBXContainerItemProxy */;
		};
/* End PBXTargetDependency section */

/* Begin XCBuildConfiguration section */
		D3393D46257F26A3007EE535 /* Debug */ = {
			isa = XCBuildConfiguration;
			buildSettings = {
				ALWAYS_SEARCH_USER_PATHS = NO;
				CLANG_ANALYZER_NONNULL = YES;
				CLANG_ANALYZER_NUMBER_OBJECT_CONVERSION = YES_AGGRESSIVE;
				CLANG_CXX_LANGUAGE_STANDARD = "gnu++14";
				CLANG_CXX_LIBRARY = "libc++";
				CLANG_ENABLE_MODULES = YES;
				CLANG_ENABLE_OBJC_ARC = YES;
				CLANG_ENABLE_OBJC_WEAK = YES;
				CLANG_WARN_BLOCK_CAPTURE_AUTORELEASING = YES;
				CLANG_WARN_BOOL_CONVERSION = YES;
				CLANG_WARN_COMMA = YES;
				CLANG_WARN_CONSTANT_CONVERSION = YES;
				CLANG_WARN_DEPRECATED_OBJC_IMPLEMENTATIONS = YES;
				CLANG_WARN_DIRECT_OBJC_ISA_USAGE = YES_ERROR;
				CLANG_WARN_DOCUMENTATION_COMMENTS = YES;
				CLANG_WARN_EMPTY_BODY = YES;
				CLANG_WARN_ENUM_CONVERSION = YES;
				CLANG_WARN_INFINITE_RECURSION = YES;
				CLANG_WARN_INT_CONVERSION = YES;
				CLANG_WARN_NON_LITERAL_NULL_CONVERSION = YES;
				CLANG_WARN_OBJC_IMPLICIT_RETAIN_SELF = YES;
				CLANG_WARN_OBJC_LITERAL_CONVERSION = YES;
				CLANG_WARN_OBJC_ROOT_CLASS = YES_ERROR;
				CLANG_WARN_QUOTED_INCLUDE_IN_FRAMEWORK_HEADER = YES;
				CLANG_WARN_RANGE_LOOP_ANALYSIS = YES;
				CLANG_WARN_STRICT_PROTOTYPES = YES;
				CLANG_WARN_SUSPICIOUS_MOVE = YES;
				CLANG_WARN_UNGUARDED_AVAILABILITY = YES_AGGRESSIVE;
				CLANG_WARN_UNREACHABLE_CODE = YES;
				CLANG_WARN__DUPLICATE_METHOD_MATCH = YES;
				COPY_PHASE_STRIP = NO;
				DEBUG_INFORMATION_FORMAT = dwarf;
				ENABLE_STRICT_OBJC_MSGSEND = YES;
				ENABLE_TESTABILITY = YES;
				GCC_C_LANGUAGE_STANDARD = gnu11;
				GCC_DYNAMIC_NO_PIC = NO;
				GCC_NO_COMMON_BLOCKS = YES;
				GCC_OPTIMIZATION_LEVEL = 0;
				GCC_PREPROCESSOR_DEFINITIONS = (
					"DEBUG=1",
					"$(inherited)",
				);
				GCC_WARN_64_TO_32_BIT_CONVERSION = YES;
				GCC_WARN_ABOUT_RETURN_TYPE = YES_ERROR;
				GCC_WARN_UNDECLARED_SELECTOR = YES;
				GCC_WARN_UNINITIALIZED_AUTOS = YES_AGGRESSIVE;
				GCC_WARN_UNUSED_FUNCTION = YES;
				GCC_WARN_UNUSED_VARIABLE = YES;
				IPHONEOS_DEPLOYMENT_TARGET = 14.2;
				MTL_ENABLE_DEBUG_INFO = INCLUDE_SOURCE;
				MTL_FAST_MATH = YES;
				ONLY_ACTIVE_ARCH = YES;
				SDKROOT = iphoneos;
				SWIFT_ACTIVE_COMPILATION_CONDITIONS = DEBUG;
				SWIFT_OPTIMIZATION_LEVEL = "-Onone";
			};
			name = Debug;
		};
		D3393D47257F26A3007EE535 /* Release */ = {
			isa = XCBuildConfiguration;
			buildSettings = {
				ALWAYS_SEARCH_USER_PATHS = NO;
				CLANG_ANALYZER_NONNULL = YES;
				CLANG_ANALYZER_NUMBER_OBJECT_CONVERSION = YES_AGGRESSIVE;
				CLANG_CXX_LANGUAGE_STANDARD = "gnu++14";
				CLANG_CXX_LIBRARY = "libc++";
				CLANG_ENABLE_MODULES = YES;
				CLANG_ENABLE_OBJC_ARC = YES;
				CLANG_ENABLE_OBJC_WEAK = YES;
				CLANG_WARN_BLOCK_CAPTURE_AUTORELEASING = YES;
				CLANG_WARN_BOOL_CONVERSION = YES;
				CLANG_WARN_COMMA = YES;
				CLANG_WARN_CONSTANT_CONVERSION = YES;
				CLANG_WARN_DEPRECATED_OBJC_IMPLEMENTATIONS = YES;
				CLANG_WARN_DIRECT_OBJC_ISA_USAGE = YES_ERROR;
				CLANG_WARN_DOCUMENTATION_COMMENTS = YES;
				CLANG_WARN_EMPTY_BODY = YES;
				CLANG_WARN_ENUM_CONVERSION = YES;
				CLANG_WARN_INFINITE_RECURSION = YES;
				CLANG_WARN_INT_CONVERSION = YES;
				CLANG_WARN_NON_LITERAL_NULL_CONVERSION = YES;
				CLANG_WARN_OBJC_IMPLICIT_RETAIN_SELF = YES;
				CLANG_WARN_OBJC_LITERAL_CONVERSION = YES;
				CLANG_WARN_OBJC_ROOT_CLASS = YES_ERROR;
				CLANG_WARN_QUOTED_INCLUDE_IN_FRAMEWORK_HEADER = YES;
				CLANG_WARN_RANGE_LOOP_ANALYSIS = YES;
				CLANG_WARN_STRICT_PROTOTYPES = YES;
				CLANG_WARN_SUSPICIOUS_MOVE = YES;
				CLANG_WARN_UNGUARDED_AVAILABILITY = YES_AGGRESSIVE;
				CLANG_WARN_UNREACHABLE_CODE = YES;
				CLANG_WARN__DUPLICATE_METHOD_MATCH = YES;
				COPY_PHASE_STRIP = NO;
				DEBUG_INFORMATION_FORMAT = "dwarf-with-dsym";
				ENABLE_NS_ASSERTIONS = NO;
				ENABLE_STRICT_OBJC_MSGSEND = YES;
				GCC_C_LANGUAGE_STANDARD = gnu11;
				GCC_NO_COMMON_BLOCKS = YES;
				GCC_WARN_64_TO_32_BIT_CONVERSION = YES;
				GCC_WARN_ABOUT_RETURN_TYPE = YES_ERROR;
				GCC_WARN_UNDECLARED_SELECTOR = YES;
				GCC_WARN_UNINITIALIZED_AUTOS = YES_AGGRESSIVE;
				GCC_WARN_UNUSED_FUNCTION = YES;
				GCC_WARN_UNUSED_VARIABLE = YES;
				IPHONEOS_DEPLOYMENT_TARGET = 14.2;
				MTL_ENABLE_DEBUG_INFO = NO;
				MTL_FAST_MATH = YES;
				SDKROOT = iphoneos;
				SWIFT_COMPILATION_MODE = wholemodule;
				SWIFT_OPTIMIZATION_LEVEL = "-O";
				VALIDATE_PRODUCT = YES;
			};
			name = Release;
		};
		D3393D49257F26A3007EE535 /* Debug */ = {
			isa = XCBuildConfiguration;
			buildSettings = {
				ASSETCATALOG_COMPILER_APPICON_NAME = AppIcon;
				ASSETCATALOG_COMPILER_GLOBAL_ACCENT_COLOR_NAME = AccentColor;
				CODE_SIGN_STYLE = Automatic;
				DEVELOPMENT_ASSET_PATHS = "\"Day16/Preview Content\"";
				DEVELOPMENT_TEAM = 4R29ZHP6K6;
				ENABLE_PREVIEWS = YES;
				INFOPLIST_FILE = Day16/Info.plist;
				IPHONEOS_DEPLOYMENT_TARGET = 14.0;
				LD_RUNPATH_SEARCH_PATHS = (
					"$(inherited)",
					"@executable_path/Frameworks",
				);
				PRODUCT_BUNDLE_IDENTIFIER = com.brianfoshee.Day16;
				PRODUCT_NAME = "$(TARGET_NAME)";
				SWIFT_VERSION = 5.0;
				TARGETED_DEVICE_FAMILY = "1,2";
			};
			name = Debug;
		};
		D3393D4A257F26A3007EE535 /* Release */ = {
			isa = XCBuildConfiguration;
			buildSettings = {
				ASSETCATALOG_COMPILER_APPICON_NAME = AppIcon;
				ASSETCATALOG_COMPILER_GLOBAL_ACCENT_COLOR_NAME = AccentColor;
				CODE_SIGN_STYLE = Automatic;
				DEVELOPMENT_ASSET_PATHS = "\"Day16/Preview Content\"";
				DEVELOPMENT_TEAM = 4R29ZHP6K6;
				ENABLE_PREVIEWS = YES;
				INFOPLIST_FILE = Day16/Info.plist;
				IPHONEOS_DEPLOYMENT_TARGET = 14.0;
				LD_RUNPATH_SEARCH_PATHS = (
					"$(inherited)",
					"@executable_path/Frameworks",
				);
				PRODUCT_BUNDLE_IDENTIFIER = com.brianfoshee.Day16;
				PRODUCT_NAME = "$(TARGET_NAME)";
				SWIFT_VERSION = 5.0;
				TARGETED_DEVICE_FAMILY = "1,2";
			};
			name = Release;
		};
		D3393D4C257F26A3007EE535 /* Debug */ = {
			isa = XCBuildConfiguration;
			buildSettings = {
				ALWAYS_EMBED_SWIFT_STANDARD_LIBRARIES = YES;
				BUNDLE_LOADER = "$(TEST_HOST)";
				CODE_SIGN_STYLE = Automatic;
				DEVELOPMENT_TEAM = 4R29ZHP6K6;
				INFOPLIST_FILE = Day16Tests/Info.plist;
				IPHONEOS_DEPLOYMENT_TARGET = 14.0;
				LD_RUNPATH_SEARCH_PATHS = (
					"$(inherited)",
					"@executable_path/Frameworks",
					"@loader_path/Frameworks",
				);
				PRODUCT_BUNDLE_IDENTIFIER = com.brianfoshee.Day16Tests;
				PRODUCT_NAME = "$(TARGET_NAME)";
				SWIFT_VERSION = 5.0;
				TARGETED_DEVICE_FAMILY = "1,2";
				TEST_HOST = "$(BUILT_PRODUCTS_DIR)/Day16.app/Day16";
			};
			name = Debug;
		};
		D3393D4D257F26A3007EE535 /* Release */ = {
			isa = XCBuildConfiguration;
			buildSettings = {
				ALWAYS_EMBED_SWIFT_STANDARD_LIBRARIES = YES;
				BUNDLE_LOADER = "$(TEST_HOST)";
				CODE_SIGN_STYLE = Automatic;
				DEVELOPMENT_TEAM = 4R29ZHP6K6;
				INFOPLIST_FILE = Day16Tests/Info.plist;
				IPHONEOS_DEPLOYMENT_TARGET = 14.0;
				LD_RUNPATH_SEARCH_PATHS = (
					"$(inherited)",
					"@executable_path/Frameworks",
					"@loader_path/Frameworks",
				);
				PRODUCT_BUNDLE_IDENTIFIER = com.brianfoshee.Day16Tests;
				PRODUCT_NAME = "$(TARGET_NAME)";
				SWIFT_VERSION = 5.0;
				TARGETED_DEVICE_FAMILY = "1,2";
				TEST_HOST = "$(BUILT_PRODUCTS_DIR)/Day16.app/Day16";
			};
			name = Release;
		};
		D3393D4F257F26A3007EE535 /* Debug */ = {
			isa = XCBuildConfiguration;
			buildSettings = {
				ALWAYS_EMBED_SWIFT_STANDARD_LIBRARIES = YES;
				CODE_SIGN_STYLE = Automatic;
				DEVELOPMENT_TEAM = 4R29ZHP6K6;
				INFOPLIST_FILE = Day16UITests/Info.plist;
				LD_RUNPATH_SEARCH_PATHS = (
					"$(inherited)",
					"@executable_path/Frameworks",
					"@loader_path/Frameworks",
				);
				PRODUCT_BUNDLE_IDENTIFIER = com.brianfoshee.Day16UITests;
				PRODUCT_NAME = "$(TARGET_NAME)";
				SWIFT_VERSION = 5.0;
				TARGETED_DEVICE_FAMILY = "1,2";
				TEST_TARGET_NAME = Day16;
			};
			name = Debug;
		};
		D3393D50257F26A3007EE535 /* Release */ = {
			isa = XCBuildConfiguration;
			buildSettings = {
				ALWAYS_EMBED_SWIFT_STANDARD_LIBRARIES = YES;
				CODE_SIGN_STYLE = Automatic;
				DEVELOPMENT_TEAM = 4R29ZHP6K6;
				INFOPLIST_FILE = Day16UITests/Info.plist;
				LD_RUNPATH_SEARCH_PATHS = (
					"$(inherited)",
					"@executable_path/Frameworks",
					"@loader_path/Frameworks",
				);
				PRODUCT_BUNDLE_IDENTIFIER = com.brianfoshee.Day16UITests;
				PRODUCT_NAME = "$(TARGET_NAME)";
				SWIFT_VERSION = 5.0;
				TARGETED_DEVICE_FAMILY = "1,2";
				TEST_TARGET_NAME = Day16;
			};
			name = Release;
		};
/* End XCBuildConfiguration section */

/* Begin XCConfigurationList section */
		D3393D1E257F26A1007EE535 /* Build configuration list for PBXProject "Day16" */ = {
			isa = XCConfigurationList;
			buildConfigurations = (
				D3393D46257F26A3007EE535 /* Debug */,
				D3393D47257F26A3007EE535 /* Release */,
			);
			defaultConfigurationIsVisible = 0;
			defaultConfigurationName = Release;
		};
		D3393D48257F26A3007EE535 /* Build configuration list for PBXNativeTarget "Day16" */ = {
			isa = XCConfigurationList;
			buildConfigurations = (
				D3393D49257F26A3007EE535 /* Debug */,
				D3393D4A257F26A3007EE535 /* Release */,
			);
			defaultConfigurationIsVisible = 0;
			defaultConfigurationName = Release;
		};
		D3393D4B257F26A3007EE535 /* Build configuration list for PBXNativeTarget "Day16Tests" */ = {
			isa = XCConfigurationList;
			buildConfigurations = (
				D3393D4C257F26A3007EE535 /* Debug */,
				D3393D4D257F26A3007EE535 /* Release */,
			);
			defaultConfigurationIsVisible = 0;
			defaultConfigurationName = Release;
		};
		D3393D4E257F26A3007EE535 /* Build configuration list for PBXNativeTarget "Day16UITests" */ = {
			isa = XCConfigurationList;
			buildConfigurations = (
				D3393D4F257F26A3007EE535 /* Debug */,
				D3393D50257F26A3007EE535 /* Release */,
			);
			defaultConfigurationIsVisible = 0;
			defaultConfigurationName = Release;
		};
/* End XCConfigurationList section */
	};
	rootObject = D3393D1B257F26A1007EE535 /* Project object */;
}
